
Microsoft Visual Studio Solution File, Format Version 12.00
# Visual Studio Version 17
VisualStudioVersion = 17.2.32602.215
MinimumVisualStudioVersion = 10.0.40219.1
Project("{FAE04EC0-301F-11D3-BF4B-00C04F79EFBC}") = "123FinalProject", "123FinalProject\123FinalProject.csproj", "{3DD61DE7-59AB-4EC9-BB00-BB49C279F471}"
EndProject
Global
	GlobalSection(SolutionConfigurationPlatforms) = preSolution
		Debug|Any CPU = Debug|Any CPU
		Release|Any CPU = Release|Any CPU
	EndGlobalSection
	GlobalSection(ProjectConfigurationPlatforms) = postSolution
		{3DD61DE7-59AB-4EC9-BB00-BB49C279F471}.Debug|Any CPU.ActiveCfg = Debug|Any CPU
		{3DD61DE7-59AB-4EC9-BB00-BB49C279F471}.Debug|Any CPU.Build.0 = Debug|Any CPU
		{3DD61DE7-59AB-4EC9-BB00-BB49C279F471}.Release|Any CPU.ActiveCfg = Release|Any CPU
		{3DD61DE7-59AB-4EC9-BB00-BB49C279F471}.Release|Any CPU.Build.0 = Release|Any CPU
	EndGlobalSection
	GlobalSection(SolutionProperties) = preSolution
		HideSolutionNode = FALSE
	EndGlobalSection
	GlobalSection(ExtensibilityGlobals) = postSolution
		SolutionGuid = {4CB45481-C108-45D2-84FB-B284A3DD5181}
	EndGlobalSection
EndGlobal
